
Microsoft Visual Studio Solution File, Format Version 12.00
# Visual Studio 2013
VisualStudioVersion = 12.0.21005.1
MinimumVisualStudioVersion = 10.0.40219.1
Project("{FAE04EC0-301F-11D3-BF4B-00C04F79EFBC}") = "PrjTRV", "PrjTRV.csproj", "{C17151EB-8CDA-4A7F-8AA7-2C01785B780A}"
EndProject
Global
	GlobalSection(SolutionConfigurationPlatforms) = preSolution
		Debug|Any CPU = Debug|Any CPU
		Release|Any CPU = Release|Any CPU
	EndGlobalSection
	GlobalSection(ProjectConfigurationPlatforms) = postSolution
		{C17151EB-8CDA-4A7F-8AA7-2C01785B780A}.Debug|Any CPU.ActiveCfg = Debug|Any CPU
		{C17151EB-8CDA-4A7F-8AA7-2C01785B780A}.Debug|Any CPU.Build.0 = Debug|Any CPU
		{C17151EB-8CDA-4A7F-8AA7-2C01785B780A}.Release|Any CPU.ActiveCfg = Release|Any CPU
		{C17151EB-8CDA-4A7F-8AA7-2C01785B780A}.Release|Any CPU.Build.0 = Release|Any CPU
	EndGlobalSection
	GlobalSection(SolutionProperties) = preSolution
		HideSolutionNode = FALSE
	EndGlobalSection
EndGlobal
